
Microsoft Visual Studio Solution File, Format Version 12.00
# Visual Studio Version 17
VisualStudioVersion = 17.0.32112.339
MinimumVisualStudioVersion = 10.0.40219.1
Project("{8BC9CEB8-8B4A-11D0-8D11-00A0C91BC942}") = "BitwardenExportPrint", "BitwardenExportPrint.vcxproj", "{9B635037-8307-4EEB-A4FA-ABE228717433}"
EndProject
Global
	GlobalSection(SolutionConfigurationPlatforms) = preSolution
		Debug|ARM = Debug|ARM
		Debug|ARM64 = Debug|ARM64
		Debug|x64 = Debug|x64
		Debug|x86 = Debug|x86
		Release|ARM = Release|ARM
		Release|ARM64 = Release|ARM64
		Release|x64 = Release|x64
		Release|x86 = Release|x86
	EndGlobalSection
	GlobalSection(ProjectConfigurationPlatforms) = postSolution
		{9B635037-8307-4EEB-A4FA-ABE228717433}.Debug|ARM.ActiveCfg = Debug|ARM
		{9B635037-8307-4EEB-A4FA-ABE228717433}.Debug|ARM.Build.0 = Debug|ARM
		{9B635037-8307-4EEB-A4FA-ABE228717433}.Debug|ARM.Deploy.0 = Debug|ARM
		{9B635037-8307-4EEB-A4FA-ABE228717433}.Debug|ARM64.ActiveCfg = Debug|ARM64
		{9B635037-8307-4EEB-A4FA-ABE228717433}.Debug|ARM64.Build.0 = Debug|ARM64
		{9B635037-8307-4EEB-A4FA-ABE228717433}.Debug|ARM64.Deploy.0 = Debug|ARM64
		{9B635037-8307-4EEB-A4FA-ABE228717433}.Debug|x64.ActiveCfg = Debug|x64
		{9B635037-8307-4EEB-A4FA-ABE228717433}.Debug|x64.Build.0 = Debug|x64
		{9B635037-8307-4EEB-A4FA-ABE228717433}.Debug|x64.Deploy.0 = Debug|x64
		{9B635037-8307-4EEB-A4FA-ABE228717433}.Debug|x86.ActiveCfg = Debug|Win32
		{9B635037-8307-4EEB-A4FA-ABE228717433}.Debug|x86.Build.0 = Debug|Win32
		{9B635037-8307-4EEB-A4FA-ABE228717433}.Debug|x86.Deploy.0 = Debug|Win32
		{9B635037-8307-4EEB-A4FA-ABE228717433}.Release|ARM.ActiveCfg = Release|ARM
		{9B635037-8307-4EEB-A4FA-ABE228717433}.Release|ARM.Build.0 = Release|ARM
		{9B635037-8307-4EEB-A4FA-ABE228717433}.Release|ARM.Deploy.0 = Release|ARM
		{9B635037-8307-4EEB-A4FA-ABE228717433}.Release|ARM64.ActiveCfg = Release|ARM64
		{9B635037-8307-4EEB-A4FA-ABE228717433}.Release|ARM64.Build.0 = Release|ARM64
		{9B635037-8307-4EEB-A4FA-ABE228717433}.Release|ARM64.Deploy.0 = Release|ARM64
		{9B635037-8307-4EEB-A4FA-ABE228717433}.Release|x64.ActiveCfg = Release|x64
		{9B635037-8307-4EEB-A4FA-ABE228717433}.Release|x64.Build.0 = Release|x64
		{9B635037-8307-4EEB-A4FA-ABE228717433}.Release|x64.Deploy.0 = Release|x64
		{9B635037-8307-4EEB-A4FA-ABE228717433}.Release|x86.ActiveCfg = Release|Win32
		{9B635037-8307-4EEB-A4FA-ABE228717433}.Release|x86.Build.0 = Release|Win32
		{9B635037-8307-4EEB-A4FA-ABE228717433}.Release|x86.Deploy.0 = Release|Win32
	EndGlobalSection
	GlobalSection(SolutionProperties) = preSolution
		HideSolutionNode = FALSE
	EndGlobalSection
	GlobalSection(ExtensibilityGlobals) = postSolution
		SolutionGuid = {23A6C709-22F1-4F4A-AED8-19D42D8A93F3}
	EndGlobalSection
EndGlobal
